// !$*UTF8*$!
{
	archiveVersion = 1;
	classes = {
	};
	objectVersion = 46;
	objects = {

/* Begin PBXBuildFile section */
		3293DFB21469F186000E9293 /* PSFUtils.m in Sources */ = {isa = PBXBuildFile; fileRef = 3293DFB11469F186000E9293 /* PSFUtils.m */; };
		3293DFEA146A3C37000E9293 /* ChangeLog in Resources */ = {isa = PBXBuildFile; fileRef = 3293DFB5146A3C37000E9293 /* ChangeLog */; };
		3293DFEB146A3C37000E9293 /* LICENSE in Resources */ = {isa = PBXBuildFile; fileRef = 3293DFB6146A3C37000E9293 /* LICENSE */; };
		3293DFEC146A3C37000E9293 /* psf_format.txt in Resources */ = {isa = PBXBuildFile; fileRef = 3293DFB7146A3C37000E9293 /* psf_format.txt */; };
		3293DFED146A3C37000E9293 /* README in Resources */ = {isa = PBXBuildFile; fileRef = 3293DFB8146A3C37000E9293 /* README */; };
		3293DFEE146A3C37000E9293 /* spu.txt in Resources */ = {isa = PBXBuildFile; fileRef = 3293DFB9146A3C37000E9293 /* spu.txt */; };
		3293DFEF146A3C37000E9293 /* spu2regs.txt in Resources */ = {isa = PBXBuildFile; fileRef = 3293DFBA146A3C37000E9293 /* spu2regs.txt */; };
		3293DFF0146A3C37000E9293 /* system.txt in Resources */ = {isa = PBXBuildFile; fileRef = 3293DFBB146A3C37000E9293 /* system.txt */; };
		3293DFF1146A3C37000E9293 /* TODO in Resources */ = {isa = PBXBuildFile; fileRef = 3293DFBC146A3C37000E9293 /* TODO */; };
		3293DFF2146A3C37000E9293 /* LnxMain.c in Sources */ = {isa = PBXBuildFile; fileRef = 3293DFC0146A3C37000E9293 /* LnxMain.c */; };
		3293DFF3146A3C37000E9293 /* Makefile in Sources */ = {isa = PBXBuildFile; fileRef = 3293DFC1146A3C37000E9293 /* Makefile */; };
		3293DFF4146A3C37000E9293 /* oss.c in Sources */ = {isa = PBXBuildFile; fileRef = 3293DFC2146A3C37000E9293 /* oss.c */; };
		3293DFF5146A3C37000E9293 /* README in Resources */ = {isa = PBXBuildFile; fileRef = 3293DFC4146A3C37000E9293 /* README */; };
		3293DFF6146A3C37000E9293 /* Misc.c in Sources */ = {isa = PBXBuildFile; fileRef = 3293DFC5146A3C37000E9293 /* Misc.c */; };
		3293DFF7146A3C37000E9293 /* PsxBios.c in Sources */ = {isa = PBXBuildFile; fileRef = 3293DFC7146A3C37000E9293 /* PsxBios.c */; };
		3293DFF8146A3C37000E9293 /* PsxCounters.c in Sources */ = {isa = PBXBuildFile; fileRef = 3293DFCA146A3C37000E9293 /* PsxCounters.c */; };
		3293DFF9146A3C37000E9293 /* PsxDma.c in Sources */ = {isa = PBXBuildFile; fileRef = 3293DFCC146A3C37000E9293 /* PsxDma.c */; };
		3293DFFA146A3C37000E9293 /* PsxHLE.c in Sources */ = {isa = PBXBuildFile; fileRef = 3293DFCE146A3C37000E9293 /* PsxHLE.c */; };
		3293DFFB146A3C37000E9293 /* PsxHw.c in Sources */ = {isa = PBXBuildFile; fileRef = 3293DFD0146A3C37000E9293 /* PsxHw.c */; };
		3293DFFC146A3C37000E9293 /* PsxInterpreter.c in Sources */ = {isa = PBXBuildFile; fileRef = 3293DFD2146A3C37000E9293 /* PsxInterpreter.c */; };
		3293DFFD146A3C37000E9293 /* PsxMem.c in Sources */ = {isa = PBXBuildFile; fileRef = 3293DFD3146A3C37000E9293 /* PsxMem.c */; };
		3293DFFE146A3C37000E9293 /* R3000A.c in Sources */ = {isa = PBXBuildFile; fileRef = 3293DFD5146A3C37000E9293 /* R3000A.c */; };
		3293DFFF146A3C37000E9293 /* adsr.c in Sources */ = {isa = PBXBuildFile; fileRef = 3293DFD8146A3C37000E9293 /* adsr.c */; };
		3293E000146A3C37000E9293 /* dma.c in Sources */ = {isa = PBXBuildFile; fileRef = 3293DFDA146A3C37000E9293 /* dma.c */; };
		3293E001146A3C37000E9293 /* registers.c in Sources */ = {isa = PBXBuildFile; fileRef = 3293DFDE146A3C37000E9293 /* registers.c */; };
		3293E002146A3C37000E9293 /* reverb.c in Sources */ = {isa = PBXBuildFile; fileRef = 3293DFE1146A3C37000E9293 /* reverb.c */; };
		3293E003146A3C37000E9293 /* spu.c in Sources */ = {isa = PBXBuildFile; fileRef = 3293DFE2146A3C37000E9293 /* spu.c */; };
		3293E004146A3C37000E9293 /* Spu.c in Sources */ = {isa = PBXBuildFile; fileRef = 3293DFE5146A3C37000E9293 /* Spu.c */; };
		3293E005146A3C37000E9293 /* xmms.c in Sources */ = {isa = PBXBuildFile; fileRef = 3293DFE9146A3C37000E9293 /* xmms.c */; };
		32B3E40E1453B02600C158DA /* UIKit.framework in Frameworks */ = {isa = PBXBuildFile; fileRef = 32B3E40D1453B02600C158DA /* UIKit.framework */; };
		32B3E4101453B02600C158DA /* Foundation.framework in Frameworks */ = {isa = PBXBuildFile; fileRef = 32B3E40F1453B02600C158DA /* Foundation.framework */; };
		32B3E4161453B02600C158DA /* InfoPlist.strings in Resources */ = {isa = PBXBuildFile; fileRef = 32B3E4141453B02600C158DA /* InfoPlist.strings */; };
		32B3E4181453B02600C158DA /* main.m in Sources */ = {isa = PBXBuildFile; fileRef = 32B3E4171453B02600C158DA /* main.m */; };
		32B3E41C1453B02600C158DA /* PSFAppDelegate.m in Sources */ = {isa = PBXBuildFile; fileRef = 32B3E41B1453B02600C158DA /* PSFAppDelegate.m */; };
		32B3E41F1453B02700C158DA /* PSFViewController.m in Sources */ = {isa = PBXBuildFile; fileRef = 32B3E41E1453B02700C158DA /* PSFViewController.m */; };
		32B3E4221453B02800C158DA /* PSFViewController.xib in Resources */ = {isa = PBXBuildFile; fileRef = 32B3E4201453B02800C158DA /* PSFViewController.xib */; };
		32B3E42C1453B17100C158DA /* libz.dylib in Frameworks */ = {isa = PBXBuildFile; fileRef = 32B3E42B1453B17100C158DA /* libz.dylib */; };
		32B3E42F1453C20500C158DA /* PSFFile.m in Sources */ = {isa = PBXBuildFile; fileRef = 32B3E42E1453C20500C158DA /* PSFFile.m */; };
		32B3E4321453D82200C158DA /* Sample.psf in Resources */ = {isa = PBXBuildFile; fileRef = 32B3E4311453D82200C158DA /* Sample.psf */; };
		DFD1B4B71459D861006BB55D /* PSFCpu.m in Sources */ = {isa = PBXBuildFile; fileRef = DFD1B4B61459D861006BB55D /* PSFCpu.m */; };
/* End PBXBuildFile section */

/* Begin PBXFileReference section */
		3293DFB01469F186000E9293 /* PSFUtils.h */ = {isa = PBXFileReference; fileEncoding = 4; lastKnownFileType = sourcecode.c.h; path = PSFUtils.h; sourceTree = "<group>"; };
		3293DFB11469F186000E9293 /* PSFUtils.m */ = {isa = PBXFileReference; fileEncoding = 4; lastKnownFileType = sourcecode.c.objc; path = PSFUtils.m; sourceTree = "<group>"; };
		3293DFB5146A3C37000E9293 /* ChangeLog */ = {isa = PBXFileReference; fileEncoding = 4; lastKnownFileType = text; path = ChangeLog; sourceTree = "<group>"; };
		3293DFB6146A3C37000E9293 /* LICENSE */ = {isa = PBXFileReference; fileEncoding = 4; lastKnownFileType = text; path = LICENSE; sourceTree = "<group>"; };
		3293DFB7146A3C37000E9293 /* psf_format.txt */ = {isa = PBXFileReference; fileEncoding = 4; lastKnownFileType = text; path = psf_format.txt; sourceTree = "<group>"; };
		3293DFB8146A3C37000E9293 /* README */ = {isa = PBXFileReference; fileEncoding = 4; lastKnownFileType = text; path = README; sourceTree = "<group>"; };
		3293DFB9146A3C37000E9293 /* spu.txt */ = {isa = PBXFileReference; fileEncoding = 4; lastKnownFileType = text; path = spu.txt; sourceTree = "<group>"; };
		3293DFBA146A3C37000E9293 /* spu2regs.txt */ = {isa = PBXFileReference; fileEncoding = 4; lastKnownFileType = text; path = spu2regs.txt; sourceTree = "<group>"; };
		3293DFBB146A3C37000E9293 /* system.txt */ = {isa = PBXFileReference; fileEncoding = 4; lastKnownFileType = text; path = system.txt; sourceTree = "<group>"; };
		3293DFBC146A3C37000E9293 /* TODO */ = {isa = PBXFileReference; fileEncoding = 4; lastKnownFileType = text; path = TODO; sourceTree = "<group>"; };
		3293DFBD146A3C37000E9293 /* driver.h */ = {isa = PBXFileReference; fileEncoding = 4; lastKnownFileType = sourcecode.c.h; path = driver.h; sourceTree = "<group>"; };
		3293DFBF146A3C37000E9293 /* Linux.h */ = {isa = PBXFileReference; fileEncoding = 4; lastKnownFileType = sourcecode.c.h; path = Linux.h; sourceTree = "<group>"; };
		3293DFC0146A3C37000E9293 /* LnxMain.c */ = {isa = PBXFileReference; fileEncoding = 4; lastKnownFileType = sourcecode.c.c; path = LnxMain.c; sourceTree = "<group>"; };
		3293DFC1146A3C37000E9293 /* Makefile */ = {isa = PBXFileReference; fileEncoding = 4; lastKnownFileType = sourcecode.make; path = Makefile; sourceTree = "<group>"; };
		3293DFC2146A3C37000E9293 /* oss.c */ = {isa = PBXFileReference; fileEncoding = 4; lastKnownFileType = sourcecode.c.c; path = oss.c; sourceTree = "<group>"; };
		3293DFC3146A3C37000E9293 /* oss.h */ = {isa = PBXFileReference; fileEncoding = 4; lastKnownFileType = sourcecode.c.h; path = oss.h; sourceTree = "<group>"; };
		3293DFC4146A3C37000E9293 /* README */ = {isa = PBXFileReference; fileEncoding = 4; lastKnownFileType = text; path = README; sourceTree = "<group>"; };
		3293DFC5146A3C37000E9293 /* Misc.c */ = {isa = PBXFileReference; fileEncoding = 4; lastKnownFileType = sourcecode.c.c; path = Misc.c; sourceTree = "<group>"; };
		3293DFC6146A3C37000E9293 /* Misc.h */ = {isa = PBXFileReference; fileEncoding = 4; lastKnownFileType = sourcecode.c.h; path = Misc.h; sourceTree = "<group>"; };
		3293DFC7146A3C37000E9293 /* PsxBios.c */ = {isa = PBXFileReference; fileEncoding = 4; lastKnownFileType = sourcecode.c.c; path = PsxBios.c; sourceTree = "<group>"; };
		3293DFC8146A3C37000E9293 /* PsxBios.h */ = {isa = PBXFileReference; fileEncoding = 4; lastKnownFileType = sourcecode.c.h; path = PsxBios.h; sourceTree = "<group>"; };
		3293DFC9146A3C37000E9293 /* PsxCommon.h */ = {isa = PBXFileReference; fileEncoding = 4; lastKnownFileType = sourcecode.c.h; path = PsxCommon.h; sourceTree = "<group>"; };
		3293DFCA146A3C37000E9293 /* PsxCounters.c */ = {isa = PBXFileReference; fileEncoding = 4; lastKnownFileType = sourcecode.c.c; path = PsxCounters.c; sourceTree = "<group>"; };
		3293DFCB146A3C37000E9293 /* PsxCounters.h */ = {isa = PBXFileReference; fileEncoding = 4; lastKnownFileType = sourcecode.c.h; path = PsxCounters.h; sourceTree = "<group>"; };
		3293DFCC146A3C37000E9293 /* PsxDma.c */ = {isa = PBXFileReference; fileEncoding = 4; lastKnownFileType = sourcecode.c.c; path = PsxDma.c; sourceTree = "<group>"; };
		3293DFCD146A3C37000E9293 /* PsxDma.h */ = {isa = PBXFileReference; fileEncoding = 4; lastKnownFileType = sourcecode.c.h; path = PsxDma.h; sourceTree = "<group>"; };
		3293DFCE146A3C37000E9293 /* PsxHLE.c */ = {isa = PBXFileReference; fileEncoding = 4; lastKnownFileType = sourcecode.c.c; path = PsxHLE.c; sourceTree = "<group>"; };
		3293DFCF146A3C37000E9293 /* PsxHLE.h */ = {isa = PBXFileReference; fileEncoding = 4; lastKnownFileType = sourcecode.c.h; path = PsxHLE.h; sourceTree = "<group>"; };
		3293DFD0146A3C37000E9293 /* PsxHw.c */ = {isa = PBXFileReference; fileEncoding = 4; lastKnownFileType = sourcecode.c.c; path = PsxHw.c; sourceTree = "<group>"; };
		3293DFD1146A3C37000E9293 /* PsxHw.h */ = {isa = PBXFileReference; fileEncoding = 4; lastKnownFileType = sourcecode.c.h; path = PsxHw.h; sourceTree = "<group>"; };
		3293DFD2146A3C37000E9293 /* PsxInterpreter.c */ = {isa = PBXFileReference; fileEncoding = 4; lastKnownFileType = sourcecode.c.c; path = PsxInterpreter.c; sourceTree = "<group>"; };
		3293DFD3146A3C37000E9293 /* PsxMem.c */ = {isa = PBXFileReference; fileEncoding = 4; lastKnownFileType = sourcecode.c.c; path = PsxMem.c; sourceTree = "<group>"; };
		3293DFD4146A3C37000E9293 /* PsxMem.h */ = {isa = PBXFileReference; fileEncoding = 4; lastKnownFileType = sourcecode.c.h; path = PsxMem.h; sourceTree = "<group>"; };
		3293DFD5146A3C37000E9293 /* R3000A.c */ = {isa = PBXFileReference; fileEncoding = 4; lastKnownFileType = sourcecode.c.c; path = R3000A.c; sourceTree = "<group>"; };
		3293DFD6146A3C37000E9293 /* R3000A.h */ = {isa = PBXFileReference; fileEncoding = 4; lastKnownFileType = sourcecode.c.h; path = R3000A.h; sourceTree = "<group>"; };
		3293DFD8146A3C37000E9293 /* adsr.c */ = {isa = PBXFileReference; fileEncoding = 4; lastKnownFileType = sourcecode.c.c; path = adsr.c; sourceTree = "<group>"; };
		3293DFD9146A3C37000E9293 /* adsr.h */ = {isa = PBXFileReference; fileEncoding = 4; lastKnownFileType = sourcecode.c.h; path = adsr.h; sourceTree = "<group>"; };
		3293DFDA146A3C37000E9293 /* dma.c */ = {isa = PBXFileReference; fileEncoding = 4; lastKnownFileType = sourcecode.c.c; path = dma.c; sourceTree = "<group>"; };
		3293DFDB146A3C37000E9293 /* dma.h */ = {isa = PBXFileReference; fileEncoding = 4; lastKnownFileType = sourcecode.c.h; path = dma.h; sourceTree = "<group>"; };
		3293DFDC146A3C37000E9293 /* externals.h */ = {isa = PBXFileReference; fileEncoding = 4; lastKnownFileType = sourcecode.c.h; path = externals.h; sourceTree = "<group>"; };
		3293DFDD146A3C37000E9293 /* gauss_i.h */ = {isa = PBXFileReference; fileEncoding = 4; lastKnownFileType = sourcecode.c.h; path = gauss_i.h; sourceTree = "<group>"; };
		3293DFDE146A3C37000E9293 /* registers.c */ = {isa = PBXFileReference; fileEncoding = 4; lastKnownFileType = sourcecode.c.c; path = registers.c; sourceTree = "<group>"; };
		3293DFDF146A3C37000E9293 /* registers.h */ = {isa = PBXFileReference; fileEncoding = 4; lastKnownFileType = sourcecode.c.h; path = registers.h; sourceTree = "<group>"; };
		3293DFE0146A3C37000E9293 /* regs.h */ = {isa = PBXFileReference; fileEncoding = 4; lastKnownFileType = sourcecode.c.h; path = regs.h; sourceTree = "<group>"; };
		3293DFE1146A3C37000E9293 /* reverb.c */ = {isa = PBXFileReference; fileEncoding = 4; lastKnownFileType = sourcecode.c.c; path = reverb.c; sourceTree = "<group>"; };
		3293DFE2146A3C37000E9293 /* spu.c */ = {isa = PBXFileReference; fileEncoding = 4; lastKnownFileType = sourcecode.c.c; path = spu.c; sourceTree = "<group>"; };
		3293DFE3146A3C37000E9293 /* spu.h */ = {isa = PBXFileReference; fileEncoding = 4; lastKnownFileType = sourcecode.c.h; path = spu.h; sourceTree = "<group>"; };
		3293DFE4146A3C37000E9293 /* stdafx.h */ = {isa = PBXFileReference; fileEncoding = 4; lastKnownFileType = sourcecode.c.h; path = stdafx.h; sourceTree = "<group>"; };
		3293DFE5146A3C37000E9293 /* Spu.c */ = {isa = PBXFileReference; fileEncoding = 4; lastKnownFileType = sourcecode.c.c; path = Spu.c; sourceTree = "<group>"; };
		3293DFE6146A3C37000E9293 /* Spu.h */ = {isa = PBXFileReference; fileEncoding = 4; lastKnownFileType = sourcecode.c.h; path = Spu.h; sourceTree = "<group>"; };
		3293DFE7146A3C37000E9293 /* types.h */ = {isa = PBXFileReference; fileEncoding = 4; lastKnownFileType = sourcecode.c.h; path = types.h; sourceTree = "<group>"; };
		3293DFE9146A3C37000E9293 /* xmms.c */ = {isa = PBXFileReference; fileEncoding = 4; lastKnownFileType = sourcecode.c.c; path = xmms.c; sourceTree = "<group>"; };
		32B3E4091453B02600C158DA /* PSF Player.app */ = {isa = PBXFileReference; explicitFileType = wrapper.application; includeInIndex = 0; path = "PSF Player.app"; sourceTree = BUILT_PRODUCTS_DIR; };
		32B3E40D1453B02600C158DA /* UIKit.framework */ = {isa = PBXFileReference; lastKnownFileType = wrapper.framework; name = UIKit.framework; path = System/Library/Frameworks/UIKit.framework; sourceTree = SDKROOT; };
		32B3E40F1453B02600C158DA /* Foundation.framework */ = {isa = PBXFileReference; lastKnownFileType = wrapper.framework; name = Foundation.framework; path = System/Library/Frameworks/Foundation.framework; sourceTree = SDKROOT; };
		32B3E4131453B02600C158DA /* PSF Player-Info.plist */ = {isa = PBXFileReference; lastKnownFileType = text.plist.xml; path = "PSF Player-Info.plist"; sourceTree = "<group>"; };
		32B3E4151453B02600C158DA /* en */ = {isa = PBXFileReference; lastKnownFileType = text.plist.strings; name = en; path = en.lproj/InfoPlist.strings; sourceTree = "<group>"; };
		32B3E4171453B02600C158DA /* main.m */ = {isa = PBXFileReference; lastKnownFileType = sourcecode.c.objc; path = main.m; sourceTree = "<group>"; };
		32B3E4191453B02600C158DA /* PSF Player-Prefix.pch */ = {isa = PBXFileReference; lastKnownFileType = sourcecode.c.h; path = "PSF Player-Prefix.pch"; sourceTree = "<group>"; };
		32B3E41A1453B02600C158DA /* PSFAppDelegate.h */ = {isa = PBXFileReference; lastKnownFileType = sourcecode.c.h; path = PSFAppDelegate.h; sourceTree = "<group>"; };
		32B3E41B1453B02600C158DA /* PSFAppDelegate.m */ = {isa = PBXFileReference; lastKnownFileType = sourcecode.c.objc; path = PSFAppDelegate.m; sourceTree = "<group>"; };
		32B3E41D1453B02600C158DA /* PSFViewController.h */ = {isa = PBXFileReference; lastKnownFileType = sourcecode.c.h; path = PSFViewController.h; sourceTree = "<group>"; };
		32B3E41E1453B02700C158DA /* PSFViewController.m */ = {isa = PBXFileReference; lastKnownFileType = sourcecode.c.objc; path = PSFViewController.m; sourceTree = "<group>"; };
		32B3E4211453B02800C158DA /* en */ = {isa = PBXFileReference; lastKnownFileType = file.xib; name = en; path = en.lproj/PSFViewController.xib; sourceTree = "<group>"; };
		32B3E42B1453B17100C158DA /* libz.dylib */ = {isa = PBXFileReference; lastKnownFileType = "compiled.mach-o.dylib"; name = libz.dylib; path = usr/lib/libz.dylib; sourceTree = SDKROOT; };
		32B3E42D1453C20500C158DA /* PSFFile.h */ = {isa = PBXFileReference; fileEncoding = 4; lastKnownFileType = sourcecode.c.h; path = PSFFile.h; sourceTree = "<group>"; };
		32B3E42E1453C20500C158DA /* PSFFile.m */ = {isa = PBXFileReference; fileEncoding = 4; lastKnownFileType = sourcecode.c.objc; path = PSFFile.m; sourceTree = "<group>"; };
		32B3E4311453D82200C158DA /* Sample.psf */ = {isa = PBXFileReference; lastKnownFileType = file; path = Sample.psf; sourceTree = "<group>"; };
		DFD1B4B51459D861006BB55D /* PSFCpu.h */ = {isa = PBXFileReference; fileEncoding = 4; lastKnownFileType = sourcecode.c.h; path = PSFCpu.h; sourceTree = "<group>"; };
		DFD1B4B61459D861006BB55D /* PSFCpu.m */ = {isa = PBXFileReference; fileEncoding = 4; lastKnownFileType = sourcecode.c.objc; path = PSFCpu.m; sourceTree = "<group>"; };
/* End PBXFileReference section */

/* Begin PBXFrameworksBuildPhase section */
		32B3E4061453B02600C158DA /* Frameworks */ = {
			isa = PBXFrameworksBuildPhase;
			buildActionMask = 2147483647;
			files = (
				32B3E42C1453B17100C158DA /* libz.dylib in Frameworks */,
				32B3E40E1453B02600C158DA /* UIKit.framework in Frameworks */,
				32B3E4101453B02600C158DA /* Foundation.framework in Frameworks */,
			);
			runOnlyForDeploymentPostprocessing = 0;
		};
/* End PBXFrameworksBuildPhase section */

/* Begin PBXGroup section */
		3293DFB4146A3C37000E9293 /* Docs */ = {
			isa = PBXGroup;
			children = (
				3293DFB5146A3C37000E9293 /* ChangeLog */,
				3293DFB6146A3C37000E9293 /* LICENSE */,
				3293DFB7146A3C37000E9293 /* psf_format.txt */,
				3293DFB8146A3C37000E9293 /* README */,
				3293DFB9146A3C37000E9293 /* spu.txt */,
				3293DFBA146A3C37000E9293 /* spu2regs.txt */,
				3293DFBB146A3C37000E9293 /* system.txt */,
				3293DFBC146A3C37000E9293 /* TODO */,
			);
			path = Docs;
			sourceTree = "<group>";
		};
		3293DFBE146A3C37000E9293 /* Linux */ = {
			isa = PBXGroup;
			children = (
				3293DFBF146A3C37000E9293 /* Linux.h */,
				3293DFC0146A3C37000E9293 /* LnxMain.c */,
				3293DFC1146A3C37000E9293 /* Makefile */,
				3293DFC2146A3C37000E9293 /* oss.c */,
				3293DFC3146A3C37000E9293 /* oss.h */,
				3293DFC4146A3C37000E9293 /* README */,
			);
			path = Linux;
			sourceTree = "<group>";
		};
		3293DFD7146A3C37000E9293 /* spu */ = {
			isa = PBXGroup;
			children = (
				3293DFD8146A3C37000E9293 /* adsr.c */,
				3293DFD9146A3C37000E9293 /* adsr.h */,
				3293DFDA146A3C37000E9293 /* dma.c */,
				3293DFDB146A3C37000E9293 /* dma.h */,
				3293DFDC146A3C37000E9293 /* externals.h */,
				3293DFDD146A3C37000E9293 /* gauss_i.h */,
				3293DFDE146A3C37000E9293 /* registers.c */,
				3293DFDF146A3C37000E9293 /* registers.h */,
				3293DFE0146A3C37000E9293 /* regs.h */,
				3293DFE1146A3C37000E9293 /* reverb.c */,
				3293DFE2146A3C37000E9293 /* spu.c */,
				3293DFE3146A3C37000E9293 /* spu.h */,
				3293DFE4146A3C37000E9293 /* stdafx.h */,
			);
			path = spu;
			sourceTree = "<group>";
		};
		3293DFE8146A3C37000E9293 /* xmms */ = {
			isa = PBXGroup;
			children = (
				3293DFE9146A3C37000E9293 /* xmms.c */,
			);
			path = xmms;
			sourceTree = "<group>";
		};
		32B3E3FE1453B02500C158DA = {
			isa = PBXGroup;
			children = (
				DF1659071459C1FF00D6A5F1 /* PSF Source */,
				32B3E4301453D7ED00C158DA /* PSF Files */,
				32B3E4111453B02600C158DA /* PSF Player */,
				32B3E40C1453B02600C158DA /* Frameworks */,
				32B3E40A1453B02600C158DA /* Products */,
			);
			sourceTree = "<group>";
		};
		32B3E40A1453B02600C158DA /* Products */ = {
			isa = PBXGroup;
			children = (
				32B3E4091453B02600C158DA /* PSF Player.app */,
			);
			name = Products;
			sourceTree = "<group>";
		};
		32B3E40C1453B02600C158DA /* Frameworks */ = {
			isa = PBXGroup;
			children = (
				32B3E42B1453B17100C158DA /* libz.dylib */,
				32B3E40D1453B02600C158DA /* UIKit.framework */,
				32B3E40F1453B02600C158DA /* Foundation.framework */,
			);
			name = Frameworks;
			sourceTree = "<group>";
		};
		32B3E4111453B02600C158DA /* PSF Player */ = {
			isa = PBXGroup;
			children = (
				32B3E41A1453B02600C158DA /* PSFAppDelegate.h */,
				32B3E41B1453B02600C158DA /* PSFAppDelegate.m */,
				32B3E41D1453B02600C158DA /* PSFViewController.h */,
				32B3E41E1453B02700C158DA /* PSFViewController.m */,
				32B3E4201453B02800C158DA /* PSFViewController.xib */,
				DFD1B4B51459D861006BB55D /* PSFCpu.h */,
				DFD1B4B61459D861006BB55D /* PSFCpu.m */,
				32B3E42D1453C20500C158DA /* PSFFile.h */,
				32B3E42E1453C20500C158DA /* PSFFile.m */,
				32B3E4121453B02600C158DA /* Supporting Files */,
				3293DFB01469F186000E9293 /* PSFUtils.h */,
				3293DFB11469F186000E9293 /* PSFUtils.m */,
			);
			path = "PSF Player";
			sourceTree = "<group>";
		};
		32B3E4121453B02600C158DA /* Supporting Files */ = {
			isa = PBXGroup;
			children = (
				32B3E4131453B02600C158DA /* PSF Player-Info.plist */,
				32B3E4141453B02600C158DA /* InfoPlist.strings */,
				32B3E4171453B02600C158DA /* main.m */,
				32B3E4191453B02600C158DA /* PSF Player-Prefix.pch */,
			);
			name = "Supporting Files";
			sourceTree = "<group>";
		};
		32B3E4301453D7ED00C158DA /* PSF Files */ = {
			isa = PBXGroup;
			children = (
				32B3E4311453D82200C158DA /* Sample.psf */,
			);
			name = "PSF Files";
			sourceTree = "<group>";
		};
		DF1659071459C1FF00D6A5F1 /* PSF Source */ = {
			isa = PBXGroup;
			children = (
				3293DFB4146A3C37000E9293 /* Docs */,
				3293DFBD146A3C37000E9293 /* driver.h */,
				3293DFBE146A3C37000E9293 /* Linux */,
				3293DFC5146A3C37000E9293 /* Misc.c */,
				3293DFC6146A3C37000E9293 /* Misc.h */,
				3293DFC7146A3C37000E9293 /* PsxBios.c */,
				3293DFC8146A3C37000E9293 /* PsxBios.h */,
				3293DFC9146A3C37000E9293 /* PsxCommon.h */,
				3293DFCA146A3C37000E9293 /* PsxCounters.c */,
				3293DFCB146A3C37000E9293 /* PsxCounters.h */,
				3293DFCC146A3C37000E9293 /* PsxDma.c */,
				3293DFCD146A3C37000E9293 /* PsxDma.h */,
				3293DFCE146A3C37000E9293 /* PsxHLE.c */,
				3293DFCF146A3C37000E9293 /* PsxHLE.h */,
				3293DFD0146A3C37000E9293 /* PsxHw.c */,
				3293DFD1146A3C37000E9293 /* PsxHw.h */,
				3293DFD2146A3C37000E9293 /* PsxInterpreter.c */,
				3293DFD3146A3C37000E9293 /* PsxMem.c */,
				3293DFD4146A3C37000E9293 /* PsxMem.h */,
				3293DFD5146A3C37000E9293 /* R3000A.c */,
				3293DFD6146A3C37000E9293 /* R3000A.h */,
				3293DFD7146A3C37000E9293 /* spu */,
				3293DFE5146A3C37000E9293 /* Spu.c */,
				3293DFE6146A3C37000E9293 /* Spu.h */,
				3293DFE7146A3C37000E9293 /* types.h */,
				3293DFE8146A3C37000E9293 /* xmms */,
			);
			name = "PSF Source";
			sourceTree = "<group>";
		};
/* End PBXGroup section */

/* Begin PBXNativeTarget section */
		32B3E4081453B02600C158DA /* PSF Player */ = {
			isa = PBXNativeTarget;
			buildConfigurationList = 32B3E4251453B02800C158DA /* Build configuration list for PBXNativeTarget "PSF Player" */;
			buildPhases = (
				32B3E4051453B02600C158DA /* Sources */,
				32B3E4061453B02600C158DA /* Frameworks */,
				32B3E4071453B02600C158DA /* Resources */,
			);
			buildRules = (
			);
			dependencies = (
			);
			name = "PSF Player";
			productName = "PSF Player";
			productReference = 32B3E4091453B02600C158DA /* PSF Player.app */;
			productType = "com.apple.product-type.application";
		};
/* End PBXNativeTarget section */

/* Begin PBXProject section */
		32B3E4001453B02500C158DA /* Project object */ = {
			isa = PBXProject;
			attributes = {
				LastUpgradeCheck = 0420;
				ORGANIZATIONNAME = "Digital Worlds Entertainment";
			};
			buildConfigurationList = 32B3E4031453B02500C158DA /* Build configuration list for PBXProject "PSF Player" */;
			compatibilityVersion = "Xcode 3.2";
			developmentRegion = English;
			hasScannedForEncodings = 0;
			knownRegions = (
				en,
			);
			mainGroup = 32B3E3FE1453B02500C158DA;
			productRefGroup = 32B3E40A1453B02600C158DA /* Products */;
			projectDirPath = "";
			projectRoot = "";
			targets = (
				32B3E4081453B02600C158DA /* PSF Player */,
			);
		};
/* End PBXProject section */

/* Begin PBXResourcesBuildPhase section */
		32B3E4071453B02600C158DA /* Resources */ = {
			isa = PBXResourcesBuildPhase;
			buildActionMask = 2147483647;
			files = (
				32B3E4161453B02600C158DA /* InfoPlist.strings in Resources */,
				32B3E4221453B02800C158DA /* PSFViewController.xib in Resources */,
				32B3E4321453D82200C158DA /* Sample.psf in Resources */,
				3293DFEA146A3C37000E9293 /* ChangeLog in Resources */,
				3293DFEB146A3C37000E9293 /* LICENSE in Resources */,
				3293DFEC146A3C37000E9293 /* psf_format.txt in Resources */,
				3293DFED146A3C37000E9293 /* README in Resources */,
				3293DFEE146A3C37000E9293 /* spu.txt in Resources */,
				3293DFEF146A3C37000E9293 /* spu2regs.txt in Resources */,
				3293DFF0146A3C37000E9293 /* system.txt in Resources */,
				3293DFF1146A3C37000E9293 /* TODO in Resources */,
				3293DFF5146A3C37000E9293 /* README in Resources */,
			);
			runOnlyForDeploymentPostprocessing = 0;
		};
/* End PBXResourcesBuildPhase section */

/* Begin PBXSourcesBuildPhase section */
		32B3E4051453B02600C158DA /* Sources */ = {
			isa = PBXSourcesBuildPhase;
			buildActionMask = 2147483647;
			files = (
				32B3E4181453B02600C158DA /* main.m in Sources */,
				32B3E41C1453B02600C158DA /* PSFAppDelegate.m in Sources */,
				32B3E41F1453B02700C158DA /* PSFViewController.m in Sources */,
				32B3E42F1453C20500C158DA /* PSFFile.m in Sources */,
				DFD1B4B71459D861006BB55D /* PSFCpu.m in Sources */,
				3293DFB21469F186000E9293 /* PSFUtils.m in Sources */,
				3293DFF2146A3C37000E9293 /* LnxMain.c in Sources */,
				3293DFF3146A3C37000E9293 /* Makefile in Sources */,
				3293DFF4146A3C37000E9293 /* oss.c in Sources */,
				3293DFF6146A3C37000E9293 /* Misc.c in Sources */,
				3293DFF7146A3C37000E9293 /* PsxBios.c in Sources */,
				3293DFF8146A3C37000E9293 /* PsxCounters.c in Sources */,
				3293DFF9146A3C37000E9293 /* PsxDma.c in Sources */,
				3293DFFA146A3C37000E9293 /* PsxHLE.c in Sources */,
				3293DFFB146A3C37000E9293 /* PsxHw.c in Sources */,
				3293DFFC146A3C37000E9293 /* PsxInterpreter.c in Sources */,
				3293DFFD146A3C37000E9293 /* PsxMem.c in Sources */,
				3293DFFE146A3C37000E9293 /* R3000A.c in Sources */,
				3293DFFF146A3C37000E9293 /* adsr.c in Sources */,
				3293E000146A3C37000E9293 /* dma.c in Sources */,
				3293E001146A3C37000E9293 /* registers.c in Sources */,
				3293E002146A3C37000E9293 /* reverb.c in Sources */,
				3293E003146A3C37000E9293 /* spu.c in Sources */,
				3293E004146A3C37000E9293 /* Spu.c in Sources */,
				3293E005146A3C37000E9293 /* xmms.c in Sources */,
			);
			runOnlyForDeploymentPostprocessing = 0;
		};
/* End PBXSourcesBuildPhase section */

/* Begin PBXVariantGroup section */
		32B3E4141453B02600C158DA /* InfoPlist.strings */ = {
			isa = PBXVariantGroup;
			children = (
				32B3E4151453B02600C158DA /* en */,
			);
			name = InfoPlist.strings;
			sourceTree = "<group>";
		};
		32B3E4201453B02800C158DA /* PSFViewController.xib */ = {
			isa = PBXVariantGroup;
			children = (
				32B3E4211453B02800C158DA /* en */,
			);
			name = PSFViewController.xib;
			sourceTree = "<group>";
		};
/* End PBXVariantGroup section */

/* Begin XCBuildConfiguration section */
		32B3E4231453B02800C158DA /* Debug */ = {
			isa = XCBuildConfiguration;
			buildSettings = {
				ALWAYS_SEARCH_USER_PATHS = NO;
				ARCHS = "$(ARCHS_STANDARD_32_BIT)";
				CLANG_ENABLE_OBJC_ARC = YES;
				"CODE_SIGN_IDENTITY[sdk=iphoneos*]" = "iPhone Developer";
				COPY_PHASE_STRIP = NO;
				GCC_C_LANGUAGE_STANDARD = gnu99;
				GCC_DYNAMIC_NO_PIC = NO;
				GCC_OPTIMIZATION_LEVEL = 0;
				GCC_PREPROCESSOR_DEFINITIONS = (
					"DEBUG=1",
					"$(inherited)",
				);
				GCC_SYMBOLS_PRIVATE_EXTERN = NO;
				GCC_VERSION = com.apple.compilers.llvm.clang.1_0;
				GCC_WARN_ABOUT_MISSING_PROTOTYPES = YES;
				GCC_WARN_ABOUT_RETURN_TYPE = YES;
				GCC_WARN_UNUSED_VARIABLE = YES;
				IPHONEOS_DEPLOYMENT_TARGET = 5.0;
				SDKROOT = iphoneos;
			};
			name = Debug;
		};
		32B3E4241453B02800C158DA /* Release */ = {
			isa = XCBuildConfiguration;
			buildSettings = {
				ALWAYS_SEARCH_USER_PATHS = NO;
				ARCHS = "$(ARCHS_STANDARD_32_BIT)";
				CLANG_ENABLE_OBJC_ARC = YES;
				"CODE_SIGN_IDENTITY[sdk=iphoneos*]" = "iPhone Developer";
				COPY_PHASE_STRIP = YES;
				GCC_C_LANGUAGE_STANDARD = gnu99;
				GCC_VERSION = com.apple.compilers.llvm.clang.1_0;
				GCC_WARN_ABOUT_MISSING_PROTOTYPES = YES;
				GCC_WARN_ABOUT_RETURN_TYPE = YES;
				GCC_WARN_UNUSED_VARIABLE = YES;
				IPHONEOS_DEPLOYMENT_TARGET = 5.0;
				OTHER_CFLAGS = "-DNS_BLOCK_ASSERTIONS=1";
				SDKROOT = iphoneos;
				VALIDATE_PRODUCT = YES;
			};
			name = Release;
		};
		32B3E4261453B02800C158DA /* Debug */ = {
			isa = XCBuildConfiguration;
			buildSettings = {
				GCC_PRECOMPILE_PREFIX_HEADER = YES;
				GCC_PREFIX_HEADER = "PSF Player/PSF Player-Prefix.pch";
				INFOPLIST_FILE = "PSF Player/PSF Player-Info.plist";
				PRODUCT_NAME = "$(TARGET_NAME)";
				WRAPPER_EXTENSION = app;
			};
			name = Debug;
		};
		32B3E4271453B02800C158DA /* Release */ = {
			isa = XCBuildConfiguration;
			buildSettings = {
				GCC_PRECOMPILE_PREFIX_HEADER = YES;
				GCC_PREFIX_HEADER = "PSF Player/PSF Player-Prefix.pch";
				INFOPLIST_FILE = "PSF Player/PSF Player-Info.plist";
				PRODUCT_NAME = "$(TARGET_NAME)";
				WRAPPER_EXTENSION = app;
			};
			name = Release;
		};
/* End XCBuildConfiguration section */

/* Begin XCConfigurationList section */
		32B3E4031453B02500C158DA /* Build configuration list for PBXProject "PSF Player" */ = {
			isa = XCConfigurationList;
			buildConfigurations = (
				32B3E4231453B02800C158DA /* Debug */,
				32B3E4241453B02800C158DA /* Release */,
			);
			defaultConfigurationIsVisible = 0;
			defaultConfigurationName = Release;
		};
		32B3E4251453B02800C158DA /* Build configuration list for PBXNativeTarget "PSF Player" */ = {
			isa = XCConfigurationList;
			buildConfigurations = (
				32B3E4261453B02800C158DA /* Debug */,
				32B3E4271453B02800C158DA /* Release */,
			);
			defaultConfigurationIsVisible = 0;
			defaultConfigurationName = Release;
		};
/* End XCConfigurationList section */
	};
	rootObject = 32B3E4001453B02500C158DA /* Project object */;
}
